
Microsoft Visual Studio Solution File, Format Version 12.00
# Visual Studio Version 16
VisualStudioVersion = 16.0.32901.82
MinimumVisualStudioVersion = 10.0.40219.1
Project("{FAE04EC0-301F-11D3-BF4B-00C04F79EFBC}") = "ZeroStore", "ZeroStore\ZeroStore.csproj", "{C3611691-0399-4AA2-9F0D-D2336985AC44}"
EndProject
Global
	GlobalSection(SolutionConfigurationPlatforms) = preSolution
		Debug|Any CPU = Debug|Any CPU
		Release|Any CPU = Release|Any CPU
	EndGlobalSection
	GlobalSection(ProjectConfigurationPlatforms) = postSolution
		{C3611691-0399-4AA2-9F0D-D2336985AC44}.Debug|Any CPU.ActiveCfg = Debug|Any CPU
		{C3611691-0399-4AA2-9F0D-D2336985AC44}.Debug|Any CPU.Build.0 = Debug|Any CPU
		{C3611691-0399-4AA2-9F0D-D2336985AC44}.Release|Any CPU.ActiveCfg = Release|Any CPU
		{C3611691-0399-4AA2-9F0D-D2336985AC44}.Release|Any CPU.Build.0 = Release|Any CPU
	EndGlobalSection
	GlobalSection(SolutionProperties) = preSolution
		HideSolutionNode = FALSE
	EndGlobalSection
	GlobalSection(ExtensibilityGlobals) = postSolution
		SolutionGuid = {50AF4CBE-F7C0-4A47-8440-2C1B7A81EEFD}
	EndGlobalSection
EndGlobal
